{
  "name": "project",
  "version": "1.0.0",
  "lockfileVersion": 1,
  "requires": true,
  "dependencies": {
    "da150x-ecma": {
      "version": "file:projects/ecma"
    },
    "typescript": {
      "version": "4.9.5",
      "dev": true
    },
    "wasm": {
      "version": "file:projects/wasm-cpp"
    }
  }
}
