lockfileVersion: 5.4

specifiers:
  da150x-ecma: file:projects/ecma
  typescript: ^4.9.5
  wasm: file:projects/wasm

dependencies:
  da150x-ecma: file:projects/ecma
  wasm: file:projects/wasm

devDependencies:
  typescript: 4.9.5

packages:

  /typescript/4.9.5:
    resolution: {integrity: sha512-1FXk9E2Hm+QzZQ7z+McJiHL4NW1F2EzMu9Nq9i3zAaGqibafqYwCVU6WyWAuyQRRzOlxou8xZSyXLEN8oKj24g==}
    engines: {node: '>=4.2.0'}
    hasBin: true
    dev: true

  file:projects/ecma:
    resolution: {directory: projects/ecma, type: directory}
    name: da150x-ecma
    version: 1.0.0
    dev: false

  file:projects/wasm:
    resolution: {directory: projects/wasm, type: directory}
    name: wasm
    version: 1.0.0
    dev: false
